
Microsoft Visual Studio Solution File, Format Version 12.00
# Visual Studio Version 17
VisualStudioVersion = 17.0.32112.339
MinimumVisualStudioVersion = 10.0.40219.1
Project("{FAE04EC0-301F-11D3-BF4B-00C04F79EFBC}") = "AzureServiceBusMessageSender", "AzureServiceBusMessageSender\AzureServiceBusMessageSender.csproj", "{93DB7314-E1FF-462E-86D2-C2EA36B22452}"
EndProject
Project("{FAE04EC0-301F-11D3-BF4B-00C04F79EFBC}") = "BulkMessaging", "BulkMessaging\BulkMessaging.csproj", "{BC2A8FF4-FA9A-4C8F-A858-F430E9E0AF32}"
EndProject
Global
	GlobalSection(SolutionConfigurationPlatforms) = preSolution
		Debug|Any CPU = Debug|Any CPU
		Release|Any CPU = Release|Any CPU
	EndGlobalSection
	GlobalSection(ProjectConfigurationPlatforms) = postSolution
		{93DB7314-E1FF-462E-86D2-C2EA36B22452}.Debug|Any CPU.ActiveCfg = Debug|Any CPU
		{93DB7314-E1FF-462E-86D2-C2EA36B22452}.Debug|Any CPU.Build.0 = Debug|Any CPU
		{93DB7314-E1FF-462E-86D2-C2EA36B22452}.Release|Any CPU.ActiveCfg = Release|Any CPU
		{93DB7314-E1FF-462E-86D2-C2EA36B22452}.Release|Any CPU.Build.0 = Release|Any CPU
		{BC2A8FF4-FA9A-4C8F-A858-F430E9E0AF32}.Debug|Any CPU.ActiveCfg = Debug|Any CPU
		{BC2A8FF4-FA9A-4C8F-A858-F430E9E0AF32}.Debug|Any CPU.Build.0 = Debug|Any CPU
		{BC2A8FF4-FA9A-4C8F-A858-F430E9E0AF32}.Release|Any CPU.ActiveCfg = Release|Any CPU
		{BC2A8FF4-FA9A-4C8F-A858-F430E9E0AF32}.Release|Any CPU.Build.0 = Release|Any CPU
	EndGlobalSection
	GlobalSection(SolutionProperties) = preSolution
		HideSolutionNode = FALSE
	EndGlobalSection
	GlobalSection(ExtensibilityGlobals) = postSolution
		SolutionGuid = {C207B514-F125-4FBA-8038-593A4EDBDFDA}
	EndGlobalSection
EndGlobal
